
Microsoft Visual Studio Solution File, Format Version 12.00
Project("{FAE04EC0-301F-11D3-BF4B-00C04F79EFBC}") = "EmadKala.WebApp", "EmadKala.WebApp\EmadKala.WebApp.csproj", "{DE282AA6-1555-4B62-8F67-D3F22C52C6CF}"
EndProject
Project("{FAE04EC0-301F-11D3-BF4B-00C04F79EFBC}") = "EmadKala.Database", "EmadKala.Database\EmadKala.Database.csproj", "{4044E2E7-F3B2-4E70-84DB-88303871E2F7}"
EndProject
Project("{FAE04EC0-301F-11D3-BF4B-00C04F79EFBC}") = "EmadKala.Services", "EmadKala.Services\EmadKala.Services.csproj", "{E9BC8F45-A10C-4344-B3B5-EF548FE58904}"
EndProject
Global
	GlobalSection(SolutionConfigurationPlatforms) = preSolution
		Debug|Any CPU = Debug|Any CPU
		Release|Any CPU = Release|Any CPU
	EndGlobalSection
	GlobalSection(ProjectConfigurationPlatforms) = postSolution
		{DE282AA6-1555-4B62-8F67-D3F22C52C6CF}.Debug|Any CPU.ActiveCfg = Debug|Any CPU
		{DE282AA6-1555-4B62-8F67-D3F22C52C6CF}.Debug|Any CPU.Build.0 = Debug|Any CPU
		{DE282AA6-1555-4B62-8F67-D3F22C52C6CF}.Release|Any CPU.ActiveCfg = Release|Any CPU
		{DE282AA6-1555-4B62-8F67-D3F22C52C6CF}.Release|Any CPU.Build.0 = Release|Any CPU
		{4044E2E7-F3B2-4E70-84DB-88303871E2F7}.Debug|Any CPU.ActiveCfg = Debug|Any CPU
		{4044E2E7-F3B2-4E70-84DB-88303871E2F7}.Debug|Any CPU.Build.0 = Debug|Any CPU
		{4044E2E7-F3B2-4E70-84DB-88303871E2F7}.Release|Any CPU.ActiveCfg = Release|Any CPU
		{4044E2E7-F3B2-4E70-84DB-88303871E2F7}.Release|Any CPU.Build.0 = Release|Any CPU
		{E9BC8F45-A10C-4344-B3B5-EF548FE58904}.Debug|Any CPU.ActiveCfg = Debug|Any CPU
		{E9BC8F45-A10C-4344-B3B5-EF548FE58904}.Debug|Any CPU.Build.0 = Debug|Any CPU
		{E9BC8F45-A10C-4344-B3B5-EF548FE58904}.Release|Any CPU.ActiveCfg = Release|Any CPU
		{E9BC8F45-A10C-4344-B3B5-EF548FE58904}.Release|Any CPU.Build.0 = Release|Any CPU
	EndGlobalSection
EndGlobal
